
Microsoft Visual Studio Solution File, Format Version 12.00
# Visual Studio Version 17
VisualStudioVersion = 17.9.34723.18
MinimumVisualStudioVersion = 10.0.40219.1
Project("{FAE04EC0-301F-11D3-BF4B-00C04F79EFBC}") = "Code", "Code\Code.csproj", "{4D712361-0ADC-4DA3-ACF6-F7FE1FA1031D}"
EndProject
Global
	GlobalSection(SolutionConfigurationPlatforms) = preSolution
		Debug|Any CPU = Debug|Any CPU
		Release|Any CPU = Release|Any CPU
	EndGlobalSection
	GlobalSection(ProjectConfigurationPlatforms) = postSolution
		{4D712361-0ADC-4DA3-ACF6-F7FE1FA1031D}.Debug|Any CPU.ActiveCfg = Debug|Any CPU
		{4D712361-0ADC-4DA3-ACF6-F7FE1FA1031D}.Debug|Any CPU.Build.0 = Debug|Any CPU
		{4D712361-0ADC-4DA3-ACF6-F7FE1FA1031D}.Release|Any CPU.ActiveCfg = Release|Any CPU
		{4D712361-0ADC-4DA3-ACF6-F7FE1FA1031D}.Release|Any CPU.Build.0 = Release|Any CPU
	EndGlobalSection
	GlobalSection(SolutionProperties) = preSolution
		HideSolutionNode = FALSE
	EndGlobalSection
	GlobalSection(ExtensibilityGlobals) = postSolution
		SolutionGuid = {791D0987-9290-4B41-A30B-23870AEA2D9F}
	EndGlobalSection
EndGlobal
